PODS:
  - ApiAI (0.7.0):
    - ApiAI/AudioFileConverter (= 0.7.0)
    - ApiAI/Core (= 0.7.0)
    - ApiAI/Events (= 0.7.0)
    - ApiAI/ResponseMapping (= 0.7.0)
    - ApiAI/UIKit (= 0.7.0)
    - ApiAI/UserEntities (= 0.7.0)
    - ApiAI/VoiceFileRequest (= 0.7.0)
    - ApiAI/VoiceRequest (= 0.7.0)
  - ApiAI/AudioFileConverter (0.7.0):
    - ApiAI/Core
  - ApiAI/Core (0.7.0)
  - ApiAI/Events (0.7.0):
    - ApiAI/Core
  - ApiAI/ResponseMapping (0.7.0):
    - ApiAI/Core
  - ApiAI/UIKit (0.7.0):
    - ApiAI/Core
    - ApiAI/VoiceRequest
  - ApiAI/UserEntities (0.7.0):
    - ApiAI/Core
  - ApiAI/VoiceFileRequest (0.7.0):
    - ApiAI/Core
  - ApiAI/VoiceRequest (0.7.0):
    - ApiAI/Core
  - Crashlytics (3.8.4):
    - Fabric (~> 1.6.3)
  - CSV.swift (1.1.2)
  - Fabric (1.6.11)
  - SwiftyJSON (3.1.4)

DEPENDENCIES:
  - ApiAI
  - Crashlytics
  - CSV.swift
  - Fabric
  - SwiftyJSON

SPEC CHECKSUMS:
  ApiAI: 25f763ddd88139dc5fe6794a905300244190d168
  Crashlytics: 79e236942ca1e7fc641df1feb9a275360a78ab6a
  CSV.swift: 0aad3b06980034c8fa296456b708ac9128ebbdf9
  Fabric: 5911403591946b8228ab1c51d98f1d7137e863c6
  SwiftyJSON: c2842d878f95482ffceec5709abc3d05680c0220

PODFILE CHECKSUM: 94fe38914991ffaf13b4c00c70a033b549defcaf

COCOAPODS: 1.2.1
