// !$*UTF8*$!
{
	archiveVersion = 1;
	classes = {
	};
	objectVersion = 46;
	objects = {

/* Begin PBXBuildFile section */
		5876D07E1EC9A1DD000D1E01 /* AppDelegate.swift in Sources */ = {isa = PBXBuildFile; fileRef = 5876D07D1EC9A1DD000D1E01 /* AppDelegate.swift */; };
		5876D0801EC9A1DD000D1E01 /* SpeechViewController.swift in Sources */ = {isa = PBXBuildFile; fileRef = 5876D07F1EC9A1DD000D1E01 /* SpeechViewController.swift */; };
		5876D0831EC9A1DD000D1E01 /* Main.storyboard in Resources */ = {isa = PBXBuildFile; fileRef = 5876D0811EC9A1DD000D1E01 /* Main.storyboard */; };
		5876D0851EC9A1DD000D1E01 /* Assets.xcassets in Resources */ = {isa = PBXBuildFile; fileRef = 5876D0841EC9A1DD000D1E01 /* Assets.xcassets */; };
		5876D0881EC9A1DD000D1E01 /* LaunchScreen.storyboard in Resources */ = {isa = PBXBuildFile; fileRef = 5876D0861EC9A1DD000D1E01 /* LaunchScreen.storyboard */; };
		5876D0941EC9F876000D1E01 /* Fabric.framework in Frameworks */ = {isa = PBXBuildFile; fileRef = 5876D0921EC9F876000D1E01 /* Fabric.framework */; };
		5876D0951EC9F876000D1E01 /* Crashlytics.framework in Frameworks */ = {isa = PBXBuildFile; fileRef = 5876D0931EC9F876000D1E01 /* Crashlytics.framework */; };
		58DADDFD1ECAEFAA0030EAFD /* Recipe.swift in Sources */ = {isa = PBXBuildFile; fileRef = 58DADDFC1ECAEFAA0030EAFD /* Recipe.swift */; };
/* End PBXBuildFile section */

/* Begin PBXFileReference section */
		5876D07A1EC9A1DD000D1E01 /* SpeechRecognizer.app */ = {isa = PBXFileReference; explicitFileType = wrapper.application; includeInIndex = 0; path = SpeechRecognizer.app; sourceTree = BUILT_PRODUCTS_DIR; };
		5876D07D1EC9A1DD000D1E01 /* AppDelegate.swift */ = {isa = PBXFileReference; lastKnownFileType = sourcecode.swift; path = AppDelegate.swift; sourceTree = "<group>"; };
		5876D07F1EC9A1DD000D1E01 /* SpeechViewController.swift */ = {isa = PBXFileReference; lastKnownFileType = sourcecode.swift; path = SpeechViewController.swift; sourceTree = "<group>"; };
		5876D0821EC9A1DD000D1E01 /* Base */ = {isa = PBXFileReference; lastKnownFileType = file.storyboard; name = Base; path = Base.lproj/Main.storyboard; sourceTree = "<group>"; };
		5876D0841EC9A1DD000D1E01 /* Assets.xcassets */ = {isa = PBXFileReference; lastKnownFileType = folder.assetcatalog; path = Assets.xcassets; sourceTree = "<group>"; };
		5876D0871EC9A1DD000D1E01 /* Base */ = {isa = PBXFileReference; lastKnownFileType = file.storyboard; name = Base; path = Base.lproj/LaunchScreen.storyboard; sourceTree = "<group>"; };
		5876D0891EC9A1DD000D1E01 /* Info.plist */ = {isa = PBXFileReference; lastKnownFileType = text.plist.xml; path = Info.plist; sourceTree = "<group>"; };
		5876D08F1EC9AF75000D1E01 /* README.md */ = {isa = PBXFileReference; fileEncoding = 4; lastKnownFileType = net.daringfireball.markdown; path = README.md; sourceTree = "<group>"; };
		5876D0921EC9F876000D1E01 /* Fabric.framework */ = {isa = PBXFileReference; lastKnownFileType = wrapper.framework; path = Fabric.framework; sourceTree = SOURCE_ROOT; };
		5876D0931EC9F876000D1E01 /* Crashlytics.framework */ = {isa = PBXFileReference; lastKnownFileType = wrapper.framework; path = Crashlytics.framework; sourceTree = SOURCE_ROOT; };
		58DADDFC1ECAEFAA0030EAFD /* Recipe.swift */ = {isa = PBXFileReference; fileEncoding = 4; lastKnownFileType = sourcecode.swift; path = Recipe.swift; sourceTree = "<group>"; };
/* End PBXFileReference section */

/* Begin PBXFrameworksBuildPhase section */
		5876D0771EC9A1DD000D1E01 /* Frameworks */ = {
			isa = PBXFrameworksBuildPhase;
			buildActionMask = 2147483647;
			files = (
				5876D0951EC9F876000D1E01 /* Crashlytics.framework in Frameworks */,
				5876D0941EC9F876000D1E01 /* Fabric.framework in Frameworks */,
			);
			runOnlyForDeploymentPostprocessing = 0;
		};
/* End PBXFrameworksBuildPhase section */

/* Begin PBXGroup section */
		5876D0711EC9A1DD000D1E01 = {
			isa = PBXGroup;
			children = (
				5876D08F1EC9AF75000D1E01 /* README.md */,
				5876D07C1EC9A1DD000D1E01 /* SpeechRecognizer */,
				5876D07B1EC9A1DD000D1E01 /* Products */,
			);
			sourceTree = "<group>";
		};
		5876D07B1EC9A1DD000D1E01 /* Products */ = {
			isa = PBXGroup;
			children = (
				5876D07A1EC9A1DD000D1E01 /* SpeechRecognizer.app */,
			);
			name = Products;
			sourceTree = "<group>";
		};
		5876D07C1EC9A1DD000D1E01 /* SpeechRecognizer */ = {
			isa = PBXGroup;
			children = (
				5876D07D1EC9A1DD000D1E01 /* AppDelegate.swift */,
				5876D07F1EC9A1DD000D1E01 /* SpeechViewController.swift */,
				58DADDFC1ECAEFAA0030EAFD /* Recipe.swift */,
				5876D0811EC9A1DD000D1E01 /* Main.storyboard */,
				5876D0841EC9A1DD000D1E01 /* Assets.xcassets */,
				5876D0861EC9A1DD000D1E01 /* LaunchScreen.storyboard */,
				5876D0891EC9A1DD000D1E01 /* Info.plist */,
				5876D0921EC9F876000D1E01 /* Fabric.framework */,
				5876D0931EC9F876000D1E01 /* Crashlytics.framework */,
			);
			path = SpeechRecognizer;
			sourceTree = "<group>";
		};
/* End PBXGroup section */

/* Begin PBXNativeTarget section */
		5876D0791EC9A1DD000D1E01 /* SpeechRecognizer */ = {
			isa = PBXNativeTarget;
			buildConfigurationList = 5876D08C1EC9A1DD000D1E01 /* Build configuration list for PBXNativeTarget "SpeechRecognizer" */;
			buildPhases = (
				5876D0761EC9A1DD000D1E01 /* Sources */,
				5876D0771EC9A1DD000D1E01 /* Frameworks */,
				5876D0781EC9A1DD000D1E01 /* Resources */,
				5876D0911EC9F867000D1E01 /* Crashlytics */,
			);
			buildRules = (
			);
			dependencies = (
			);
			name = SpeechRecognizer;
			productName = SpeechRecognizer;
			productReference = 5876D07A1EC9A1DD000D1E01 /* SpeechRecognizer.app */;
			productType = "com.apple.product-type.application";
		};
/* End PBXNativeTarget section */

/* Begin PBXProject section */
		5876D0721EC9A1DD000D1E01 /* Project object */ = {
			isa = PBXProject;
			attributes = {
				LastSwiftUpdateCheck = 0830;
				LastUpgradeCheck = 0830;
				ORGANIZATIONNAME = Wopata;
				TargetAttributes = {
					5876D0791EC9A1DD000D1E01 = {
						CreatedOnToolsVersion = 8.3.2;
						DevelopmentTeam = VLMBA8Q5QL;
						ProvisioningStyle = Automatic;
					};
				};
			};
			buildConfigurationList = 5876D0751EC9A1DD000D1E01 /* Build configuration list for PBXProject "SpeechRecognizer" */;
			compatibilityVersion = "Xcode 3.2";
			developmentRegion = English;
			hasScannedForEncodings = 0;
			knownRegions = (
				en,
				Base,
			);
			mainGroup = 5876D0711EC9A1DD000D1E01;
			productRefGroup = 5876D07B1EC9A1DD000D1E01 /* Products */;
			projectDirPath = "";
			projectRoot = "";
			targets = (
				5876D0791EC9A1DD000D1E01 /* SpeechRecognizer */,
			);
		};
/* End PBXProject section */

/* Begin PBXResourcesBuildPhase section */
		5876D0781EC9A1DD000D1E01 /* Resources */ = {
			isa = PBXResourcesBuildPhase;
			buildActionMask = 2147483647;
			files = (
				5876D0881EC9A1DD000D1E01 /* LaunchScreen.storyboard in Resources */,
				5876D0851EC9A1DD000D1E01 /* Assets.xcassets in Resources */,
				5876D0831EC9A1DD000D1E01 /* Main.storyboard in Resources */,
			);
			runOnlyForDeploymentPostprocessing = 0;
		};
/* End PBXResourcesBuildPhase section */

/* Begin PBXShellScriptBuildPhase section */
		5876D0911EC9F867000D1E01 /* Crashlytics */ = {
			isa = PBXShellScriptBuildPhase;
			buildActionMask = 2147483647;
			files = (
			);
			inputPaths = (
			);
			name = Crashlytics;
			outputPaths = (
			);
			runOnlyForDeploymentPostprocessing = 0;
			shellPath = /bin/sh;
			shellScript = "./Fabric.framework/run f177a7b6420cda3a7516673e502392fec8c60040 cc5e82acbc97173d884018a4933227d9773f0f213aa2f8d424a0eb6968de32e6";
		};
/* End PBXShellScriptBuildPhase section */

/* Begin PBXSourcesBuildPhase section */
		5876D0761EC9A1DD000D1E01 /* Sources */ = {
			isa = PBXSourcesBuildPhase;
			buildActionMask = 2147483647;
			files = (
				58DADDFD1ECAEFAA0030EAFD /* Recipe.swift in Sources */,
				5876D0801EC9A1DD000D1E01 /* SpeechViewController.swift in Sources */,
				5876D07E1EC9A1DD000D1E01 /* AppDelegate.swift in Sources */,
			);
			runOnlyForDeploymentPostprocessing = 0;
		};
/* End PBXSourcesBuildPhase section */

/* Begin PBXVariantGroup section */
		5876D0811EC9A1DD000D1E01 /* Main.storyboard */ = {
			isa = PBXVariantGroup;
			children = (
				5876D0821EC9A1DD000D1E01 /* Base */,
			);
			name = Main.storyboard;
			sourceTree = "<group>";
		};
		5876D0861EC9A1DD000D1E01 /* LaunchScreen.storyboard */ = {
			isa = PBXVariantGroup;
			children = (
				5876D0871EC9A1DD000D1E01 /* Base */,
			);
			name = LaunchScreen.storyboard;
			sourceTree = "<group>";
		};
/* End PBXVariantGroup section */

/* Begin XCBuildConfiguration section */
		5876D08A1EC9A1DD000D1E01 /* Debug */ = {
			isa = XCBuildConfiguration;
			buildSettings = {
				ALWAYS_SEARCH_USER_PATHS = NO;
				CLANG_ANALYZER_NONNULL = YES;
				CLANG_ANALYZER_NUMBER_OBJECT_CONVERSION = YES_AGGRESSIVE;
				CLANG_CXX_LANGUAGE_STANDARD = "gnu++0x";
				CLANG_CXX_LIBRARY = "libc++";
				CLANG_ENABLE_MODULES = YES;
				CLANG_ENABLE_OBJC_ARC = YES;
				CLANG_WARN_BOOL_CONVERSION = YES;
				CLANG_WARN_CONSTANT_CONVERSION = YES;
				CLANG_WARN_DIRECT_OBJC_ISA_USAGE = YES_ERROR;
				CLANG_WARN_DOCUMENTATION_COMMENTS = YES;
				CLANG_WARN_EMPTY_BODY = YES;
				CLANG_WARN_ENUM_CONVERSION = YES;
				CLANG_WARN_INFINITE_RECURSION = YES;
				CLANG_WARN_INT_CONVERSION = YES;
				CLANG_WARN_OBJC_ROOT_CLASS = YES_ERROR;
				CLANG_WARN_SUSPICIOUS_MOVE = YES;
				CLANG_WARN_UNREACHABLE_CODE = YES;
				CLANG_WARN__DUPLICATE_METHOD_MATCH = YES;
				"CODE_SIGN_IDENTITY[sdk=iphoneos*]" = "iPhone Developer";
				COPY_PHASE_STRIP = NO;
				ENABLE_STRICT_OBJC_MSGSEND = YES;
				ENABLE_TESTABILITY = YES;
				GCC_C_LANGUAGE_STANDARD = gnu99;
				GCC_DYNAMIC_NO_PIC = NO;
				GCC_NO_COMMON_BLOCKS = YES;
				GCC_OPTIMIZATION_LEVEL = 0;
				GCC_PREPROCESSOR_DEFINITIONS = (
					"DEBUG=1",
					"$(inherited)",
				);
				GCC_WARN_64_TO_32_BIT_CONVERSION = YES;
				GCC_WARN_ABOUT_RETURN_TYPE = YES_ERROR;
				GCC_WARN_UNDECLARED_SELECTOR = YES;
				GCC_WARN_UNINITIALIZED_AUTOS = YES_AGGRESSIVE;
				GCC_WARN_UNUSED_FUNCTION = YES;
				GCC_WARN_UNUSED_VARIABLE = YES;
				IPHONEOS_DEPLOYMENT_TARGET = 10.0;
				MTL_ENABLE_DEBUG_INFO = YES;
				ONLY_ACTIVE_ARCH = YES;
				SDKROOT = iphoneos;
				SWIFT_ACTIVE_COMPILATION_CONDITIONS = DEBUG;
				SWIFT_OPTIMIZATION_LEVEL = "-Onone";
				TARGETED_DEVICE_FAMILY = "1,2";
			};
			name = Debug;
		};
		5876D08B1EC9A1DD000D1E01 /* Release */ = {
			isa = XCBuildConfiguration;
			buildSettings = {
				ALWAYS_SEARCH_USER_PATHS = NO;
				CLANG_ANALYZER_NONNULL = YES;
				CLANG_ANALYZER_NUMBER_OBJECT_CONVERSION = YES_AGGRESSIVE;
				CLANG_CXX_LANGUAGE_STANDARD = "gnu++0x";
				CLANG_CXX_LIBRARY = "libc++";
				CLANG_ENABLE_MODULES = YES;
				CLANG_ENABLE_OBJC_ARC = YES;
				CLANG_WARN_BOOL_CONVERSION = YES;
				CLANG_WARN_CONSTANT_CONVERSION = YES;
				CLANG_WARN_DIRECT_OBJC_ISA_USAGE = YES_ERROR;
				CLANG_WARN_DOCUMENTATION_COMMENTS = YES;
				CLANG_WARN_EMPTY_BODY = YES;
				CLANG_WARN_ENUM_CONVERSION = YES;
				CLANG_WARN_INFINITE_RECURSION = YES;
				CLANG_WARN_INT_CONVERSION = YES;
				CLANG_WARN_OBJC_ROOT_CLASS = YES_ERROR;
				CLANG_WARN_SUSPICIOUS_MOVE = YES;
				CLANG_WARN_UNREACHABLE_CODE = YES;
				CLANG_WARN__DUPLICATE_METHOD_MATCH = YES;
				"CODE_SIGN_IDENTITY[sdk=iphoneos*]" = "iPhone Developer";
				COPY_PHASE_STRIP = NO;
				ENABLE_NS_ASSERTIONS = NO;
				ENABLE_STRICT_OBJC_MSGSEND = YES;
				GCC_C_LANGUAGE_STANDARD = gnu99;
				GCC_NO_COMMON_BLOCKS = YES;
				GCC_WARN_64_TO_32_BIT_CONVERSION = YES;
				GCC_WARN_ABOUT_RETURN_TYPE = YES_ERROR;
				GCC_WARN_UNDECLARED_SELECTOR = YES;
				GCC_WARN_UNINITIALIZED_AUTOS = YES_AGGRESSIVE;
				GCC_WARN_UNUSED_FUNCTION = YES;
				GCC_WARN_UNUSED_VARIABLE = YES;
				IPHONEOS_DEPLOYMENT_TARGET = 10.0;
				MTL_ENABLE_DEBUG_INFO = NO;
				SDKROOT = iphoneos;
				SWIFT_OPTIMIZATION_LEVEL = "-Owholemodule";
				TARGETED_DEVICE_FAMILY = "1,2";
				VALIDATE_PRODUCT = YES;
			};
			name = Release;
		};
		5876D08D1EC9A1DD000D1E01 /* Debug */ = {
			isa = XCBuildConfiguration;
			buildSettings = {
				ASSETCATALOG_COMPILER_APPICON_NAME = AppIcon;
				DEVELOPMENT_TEAM = VLMBA8Q5QL;
				FRAMEWORK_SEARCH_PATHS = (
					"$(inherited)",
					"$(PROJECT_DIR)",
				);
				INFOPLIST_FILE = SpeechRecognizer/Info.plist;
				LD_RUNPATH_SEARCH_PATHS = "$(inherited) @executable_path/Frameworks";
				PRODUCT_BUNDLE_IDENTIFIER = com.wopata.SpeechRecognizer;
				PRODUCT_NAME = "$(TARGET_NAME)";
				SWIFT_VERSION = 3.0;
			};
			name = Debug;
		};
		5876D08E1EC9A1DD000D1E01 /* Release */ = {
			isa = XCBuildConfiguration;
			buildSettings = {
				ASSETCATALOG_COMPILER_APPICON_NAME = AppIcon;
				DEVELOPMENT_TEAM = VLMBA8Q5QL;
				FRAMEWORK_SEARCH_PATHS = (
					"$(inherited)",
					"$(PROJECT_DIR)",
				);
				INFOPLIST_FILE = SpeechRecognizer/Info.plist;
				LD_RUNPATH_SEARCH_PATHS = "$(inherited) @executable_path/Frameworks";
				PRODUCT_BUNDLE_IDENTIFIER = com.wopata.SpeechRecognizer;
				PRODUCT_NAME = "$(TARGET_NAME)";
				SWIFT_VERSION = 3.0;
			};
			name = Release;
		};
/* End XCBuildConfiguration section */

/* Begin XCConfigurationList section */
		5876D0751EC9A1DD000D1E01 /* Build configuration list for PBXProject "SpeechRecognizer" */ = {
			isa = XCConfigurationList;
			buildConfigurations = (
				5876D08A1EC9A1DD000D1E01 /* Debug */,
				5876D08B1EC9A1DD000D1E01 /* Release */,
			);
			defaultConfigurationIsVisible = 0;
			defaultConfigurationName = Release;
		};
		5876D08C1EC9A1DD000D1E01 /* Build configuration list for PBXNativeTarget "SpeechRecognizer" */ = {
			isa = XCConfigurationList;
			buildConfigurations = (
				5876D08D1EC9A1DD000D1E01 /* Debug */,
				5876D08E1EC9A1DD000D1E01 /* Release */,
			);
			defaultConfigurationIsVisible = 0;
			defaultConfigurationName = Release;
		};
/* End XCConfigurationList section */
	};
	rootObject = 5876D0721EC9A1DD000D1E01 /* Project object */;
}
